// !$*UTF8*$!
{
	archiveVersion = 1;
	classes = {
	};
	objectVersion = 50;
	objects = {

/* Begin PBXBuildFile section */
		E0FB97E026F6BA2C0053CBAA /* AppDelegate.swift in Sources */ = {isa = PBXBuildFile; fileRef = E0FB97DF26F6BA2C0053CBAA /* AppDelegate.swift */; };
		E0FB97E226F6BA2C0053CBAA /* SceneDelegate.swift in Sources */ = {isa = PBXBuildFile; fileRef = E0FB97E126F6BA2C0053CBAA /* SceneDelegate.swift */; };
		E0FB97E426F6BA2C0053CBAA /* ViewController.swift in Sources */ = {isa = PBXBuildFile; fileRef = E0FB97E326F6BA2C0053CBAA /* ViewController.swift */; };
		E0FB97E726F6BA2C0053CBAA /* Main.storyboard in Resources */ = {isa = PBXBuildFile; fileRef = E0FB97E526F6BA2C0053CBAA /* Main.storyboard */; };
		E0FB97E926F6BA2E0053CBAA /* Assets.xcassets in Resources */ = {isa = PBXBuildFile; fileRef = E0FB97E826F6BA2E0053CBAA /* Assets.xcassets */; };
		E0FB97EC26F6BA2E0053CBAA /* LaunchScreen.storyboard in Resources */ = {isa = PBXBuildFile; fileRef = E0FB97EA26F6BA2E0053CBAA /* LaunchScreen.storyboard */; };
/* End PBXBuildFile section */

/* Begin PBXFileReference section */
		E0FB97DC26F6BA2C0053CBAA /* SeattleMaps.app */ = {isa = PBXFileReference; explicitFileType = wrapper.application; includeInIndex = 0; path = SeattleMaps.app; sourceTree = BUILT_PRODUCTS_DIR; };
		E0FB97DF26F6BA2C0053CBAA /* AppDelegate.swift */ = {isa = PBXFileReference; lastKnownFileType = sourcecode.swift; path = AppDelegate.swift; sourceTree = "<group>"; };
		E0FB97E126F6BA2C0053CBAA /* SceneDelegate.swift */ = {isa = PBXFileReference; lastKnownFileType = sourcecode.swift; path = SceneDelegate.swift; sourceTree = "<group>"; };
		E0FB97E326F6BA2C0053CBAA /* ViewController.swift */ = {isa = PBXFileReference; lastKnownFileType = sourcecode.swift; path = ViewController.swift; sourceTree = "<group>"; };
		E0FB97E626F6BA2C0053CBAA /* Base */ = {isa = PBXFileReference; lastKnownFileType = file.storyboard; name = Base; path = Base.lproj/Main.storyboard; sourceTree = "<group>"; };
		E0FB97E826F6BA2E0053CBAA /* Assets.xcassets */ = {isa = PBXFileReference; lastKnownFileType = folder.assetcatalog; path = Assets.xcassets; sourceTree = "<group>"; };
		E0FB97EB26F6BA2E0053CBAA /* Base */ = {isa = PBXFileReference; lastKnownFileType = file.storyboard; name = Base; path = Base.lproj/LaunchScreen.storyboard; sourceTree = "<group>"; };
		E0FB97ED26F6BA2E0053CBAA /* Info.plist */ = {isa = PBXFileReference; lastKnownFileType = text.plist.xml; path = Info.plist; sourceTree = "<group>"; };
/* End PBXFileReference section */

/* Begin PBXFrameworksBuildPhase section */
		E0FB97D926F6BA2C0053CBAA /* Frameworks */ = {
			isa = PBXFrameworksBuildPhase;
			buildActionMask = 2147483647;
			files = (
			);
			runOnlyForDeploymentPostprocessing = 0;
		};
/* End PBXFrameworksBuildPhase section */

/* Begin PBXGroup section */
		E0FB97D326F6BA2C0053CBAA = {
			isa = PBXGroup;
			children = (
				E0FB97DE26F6BA2C0053CBAA /* SeattleMaps */,
				E0FB97DD26F6BA2C0053CBAA /* Products */,
			);
			sourceTree = "<group>";
		};
		E0FB97DD26F6BA2C0053CBAA /* Products */ = {
			isa = PBXGroup;
			children = (
				E0FB97DC26F6BA2C0053CBAA /* SeattleMaps.app */,
			);
			name = Products;
			sourceTree = "<group>";
		};
		E0FB97DE26F6BA2C0053CBAA /* SeattleMaps */ = {
			isa = PBXGroup;
			children = (
				E0FB97DF26F6BA2C0053CBAA /* AppDelegate.swift */,
				E0FB97E126F6BA2C0053CBAA /* SceneDelegate.swift */,
				E0FB97E326F6BA2C0053CBAA /* ViewController.swift */,
				E0FB97E526F6BA2C0053CBAA /* Main.storyboard */,
				E0FB97E826F6BA2E0053CBAA /* Assets.xcassets */,
				E0FB97EA26F6BA2E0053CBAA /* LaunchScreen.storyboard */,
				E0FB97ED26F6BA2E0053CBAA /* Info.plist */,
			);
			path = SeattleMaps;
			sourceTree = "<group>";
		};
/* End PBXGroup section */

/* Begin PBXNativeTarget section */
		E0FB97DB26F6BA2C0053CBAA /* SeattleMaps */ = {
			isa = PBXNativeTarget;
			buildConfigurationList = E0FB97F026F6BA2E0053CBAA /* Build configuration list for PBXNativeTarget "SeattleMaps" */;
			buildPhases = (
				E0FB97D826F6BA2C0053CBAA /* Sources */,
				E0FB97D926F6BA2C0053CBAA /* Frameworks */,
				E0FB97DA26F6BA2C0053CBAA /* Resources */,
			);
			buildRules = (
			);
			dependencies = (
			);
			name = SeattleMaps;
			productName = SeattleMaps;
			productReference = E0FB97DC26F6BA2C0053CBAA /* SeattleMaps.app */;
			productType = "com.apple.product-type.application";
		};
/* End PBXNativeTarget section */

/* Begin PBXProject section */
		E0FB97D426F6BA2C0053CBAA /* Project object */ = {
			isa = PBXProject;
			attributes = {
				LastSwiftUpdateCheck = 1250;
				LastUpgradeCheck = 1250;
				TargetAttributes = {
					E0FB97DB26F6BA2C0053CBAA = {
						CreatedOnToolsVersion = 12.5.1;
					};
				};
			};
			buildConfigurationList = E0FB97D726F6BA2C0053CBAA /* Build configuration list for PBXProject "SeattleMaps" */;
			compatibilityVersion = "Xcode 9.3";
			developmentRegion = en;
			hasScannedForEncodings = 0;
			knownRegions = (
				en,
				Base,
			);
			mainGroup = E0FB97D326F6BA2C0053CBAA;
			productRefGroup = E0FB97DD26F6BA2C0053CBAA /* Products */;
			projectDirPath = "";
			projectRoot = "";
			targets = (
				E0FB97DB26F6BA2C0053CBAA /* SeattleMaps */,
			);
		};
/* End PBXProject section */

/* Begin PBXResourcesBuildPhase section */
		E0FB97DA26F6BA2C0053CBAA /* Resources */ = {
			isa = PBXResourcesBuildPhase;
			buildActionMask = 2147483647;
			files = (
				E0FB97EC26F6BA2E0053CBAA /* LaunchScreen.storyboard in Resources */,
				E0FB97E926F6BA2E0053CBAA /* Assets.xcassets in Resources */,
				E0FB97E726F6BA2C0053CBAA /* Main.storyboard in Resources */,
			);
			runOnlyForDeploymentPostprocessing = 0;
		};
/* End PBXResourcesBuildPhase section */

/* Begin PBXSourcesBuildPhase section */
		E0FB97D826F6BA2C0053CBAA /* Sources */ = {
			isa = PBXSourcesBuildPhase;
			buildActionMask = 2147483647;
			files = (
				E0FB97E426F6BA2C0053CBAA /* ViewController.swift in Sources */,
				E0FB97E026F6BA2C0053CBAA /* AppDelegate.swift in Sources */,
				E0FB97E226F6BA2C0053CBAA /* SceneDelegate.swift in Sources */,
			);
			runOnlyForDeploymentPostprocessing = 0;
		};
/* End PBXSourcesBuildPhase section */

/* Begin PBXVariantGroup section */
		E0FB97E526F6BA2C0053CBAA /* Main.storyboard */ = {
			isa = PBXVariantGroup;
			children = (
				E0FB97E626F6BA2C0053CBAA /* Base */,
			);
			name = Main.storyboard;
			sourceTree = "<group>";
		};
		E0FB97EA26F6BA2E0053CBAA /* LaunchScreen.storyboard */ = {
			isa = PBXVariantGroup;
			children = (
				E0FB97EB26F6BA2E0053CBAA /* Base */,
			);
			name = LaunchScreen.storyboard;
			sourceTree = "<group>";
		};
/* End PBXVariantGroup section */

/* Begin XCBuildConfiguration section */
		E0FB97EE26F6BA2E0053CBAA /* Debug */ = {
			isa = XCBuildConfiguration;
			buildSettings = {
				ALWAYS_SEARCH_USER_PATHS = NO;
				CLANG_ANALYZER_NONNULL = YES;
				CLANG_ANALYZER_NUMBER_OBJECT_CONVERSION = YES_AGGRESSIVE;
				CLANG_CXX_LANGUAGE_STANDARD = "gnu++14";
				CLANG_CXX_LIBRARY = "libc++";
				CLANG_ENABLE_MODULES = YES;
				CLANG_ENABLE_OBJC_ARC = YES;
				CLANG_ENABLE_OBJC_WEAK = YES;
				CLANG_WARN_BLOCK_CAPTURE_AUTORELEASING = YES;
				CLANG_WARN_BOOL_CONVERSION = YES;
				CLANG_WARN_COMMA = YES;
				CLANG_WARN_CONSTANT_CONVERSION = YES;
				CLANG_WARN_DEPRECATED_OBJC_IMPLEMENTATIONS = YES;
				CLANG_WARN_DIRECT_OBJC_ISA_USAGE = YES_ERROR;
				CLANG_WARN_DOCUMENTATION_COMMENTS = YES;
				CLANG_WARN_EMPTY_BODY = YES;
				CLANG_WARN_ENUM_CONVERSION = YES;
				CLANG_WARN_INFINITE_RECURSION = YES;
				CLANG_WARN_INT_CONVERSION = YES;
				CLANG_WARN_NON_LITERAL_NULL_CONVERSION = YES;
				CLANG_WARN_OBJC_IMPLICIT_RETAIN_SELF = YES;
				CLANG_WARN_OBJC_LITERAL_CONVERSION = YES;
				CLANG_WARN_OBJC_ROOT_CLASS = YES_ERROR;
				CLANG_WARN_QUOTED_INCLUDE_IN_FRAMEWORK_HEADER = YES;
				CLANG_WARN_RANGE_LOOP_ANALYSIS = YES;
				CLANG_WARN_STRICT_PROTOTYPES = YES;
				CLANG_WARN_SUSPICIOUS_MOVE = YES;
				CLANG_WARN_UNGUARDED_AVAILABILITY = YES_AGGRESSIVE;
				CLANG_WARN_UNREACHABLE_CODE = YES;
				CLANG_WARN__DUPLICATE_METHOD_MATCH = YES;
				COPY_PHASE_STRIP = NO;
				DEBUG_INFORMATION_FORMAT = dwarf;
				ENABLE_STRICT_OBJC_MSGSEND = YES;
				ENABLE_TESTABILITY = YES;
				GCC_C_LANGUAGE_STANDARD = gnu11;
				GCC_DYNAMIC_NO_PIC = NO;
				GCC_NO_COMMON_BLOCKS = YES;
				GCC_OPTIMIZATION_LEVEL = 0;
				GCC_PREPROCESSOR_DEFINITIONS = (
					"DEBUG=1",
					"$(inherited)",
				);
				GCC_WARN_64_TO_32_BIT_CONVERSION = YES;
				GCC_WARN_ABOUT_RETURN_TYPE = YES_ERROR;
				GCC_WARN_UNDECLARED_SELECTOR = YES;
				GCC_WARN_UNINITIALIZED_AUTOS = YES_AGGRESSIVE;
				GCC_WARN_UNUSED_FUNCTION = YES;
				GCC_WARN_UNUSED_VARIABLE = YES;
				IPHONEOS_DEPLOYMENT_TARGET = 14.5;
				MTL_ENABLE_DEBUG_INFO = INCLUDE_SOURCE;
				MTL_FAST_MATH = YES;
				ONLY_ACTIVE_ARCH = YES;
				SDKROOT = iphoneos;
				SWIFT_ACTIVE_COMPILATION_CONDITIONS = DEBUG;
				SWIFT_OPTIMIZATION_LEVEL = "-Onone";
			};
			name = Debug;
		};
		E0FB97EF26F6BA2E0053CBAA /* Release */ = {
			isa = XCBuildConfiguration;
			buildSettings = {
				ALWAYS_SEARCH_USER_PATHS = NO;
				CLANG_ANALYZER_NONNULL = YES;
				CLANG_ANALYZER_NUMBER_OBJECT_CONVERSION = YES_AGGRESSIVE;
				CLANG_CXX_LANGUAGE_STANDARD = "gnu++14";
				CLANG_CXX_LIBRARY = "libc++";
				CLANG_ENABLE_MODULES = YES;
				CLANG_ENABLE_OBJC_ARC = YES;
				CLANG_ENABLE_OBJC_WEAK = YES;
				CLANG_WARN_BLOCK_CAPTURE_AUTORELEASING = YES;
				CLANG_WARN_BOOL_CONVERSION = YES;
				CLANG_WARN_COMMA = YES;
				CLANG_WARN_CONSTANT_CONVERSION = YES;
				CLANG_WARN_DEPRECATED_OBJC_IMPLEMENTATIONS = YES;
				CLANG_WARN_DIRECT_OBJC_ISA_USAGE = YES_ERROR;
				CLANG_WARN_DOCUMENTATION_COMMENTS = YES;
				CLANG_WARN_EMPTY_BODY = YES;
				CLANG_WARN_ENUM_CONVERSION = YES;
				CLANG_WARN_INFINITE_RECURSION = YES;
				CLANG_WARN_INT_CONVERSION = YES;
				CLANG_WARN_NON_LITERAL_NULL_CONVERSION = YES;
				CLANG_WARN_OBJC_IMPLICIT_RETAIN_SELF = YES;
				CLANG_WARN_OBJC_LITERAL_CONVERSION = YES;
				CLANG_WARN_OBJC_ROOT_CLASS = YES_ERROR;
				CLANG_WARN_QUOTED_INCLUDE_IN_FRAMEWORK_HEADER = YES;
				CLANG_WARN_RANGE_LOOP_ANALYSIS = YES;
				CLANG_WARN_STRICT_PROTOTYPES = YES;
				CLANG_WARN_SUSPICIOUS_MOVE = YES;
				CLANG_WARN_UNGUARDED_AVAILABILITY = YES_AGGRESSIVE;
				CLANG_WARN_UNREACHABLE_CODE = YES;
				CLANG_WARN__DUPLICATE_METHOD_MATCH = YES;
				COPY_PHASE_STRIP = NO;
				DEBUG_INFORMATION_FORMAT = "dwarf-with-dsym";
				ENABLE_NS_ASSERTIONS = NO;
				ENABLE_STRICT_OBJC_MSGSEND = YES;
				GCC_C_LANGUAGE_STANDARD = gnu11;
				GCC_NO_COMMON_BLOCKS = YES;
				GCC_WARN_64_TO_32_BIT_CONVERSION = YES;
				GCC_WARN_ABOUT_RETURN_TYPE = YES_ERROR;
				GCC_WARN_UNDECLARED_SELECTOR = YES;
				GCC_WARN_UNINITIALIZED_AUTOS = YES_AGGRESSIVE;
				GCC_WARN_UNUSED_FUNCTION = YES;
				GCC_WARN_UNUSED_VARIABLE = YES;
				IPHONEOS_DEPLOYMENT_TARGET = 14.5;
				MTL_ENABLE_DEBUG_INFO = NO;
				MTL_FAST_MATH = YES;
				SDKROOT = iphoneos;
				SWIFT_COMPILATION_MODE = wholemodule;
				SWIFT_OPTIMIZATION_LEVEL = "-O";
				VALIDATE_PRODUCT = YES;
			};
			name = Release;
		};
		E0FB97F126F6BA2E0053CBAA /* Debug */ = {
			isa = XCBuildConfiguration;
			buildSettings = {
				ASSETCATALOG_COMPILER_APPICON_NAME = AppIcon;
				ASSETCATALOG_COMPILER_GLOBAL_ACCENT_COLOR_NAME = AccentColor;
				CODE_SIGN_STYLE = Automatic;
				INFOPLIST_FILE = SeattleMaps/Info.plist;
				LD_RUNPATH_SEARCH_PATHS = (
					"$(inherited)",
					"@executable_path/Frameworks",
				);
				PRODUCT_BUNDLE_IDENTIFIER = edu.northeastern.rachel.SeattleMaps;
				PRODUCT_NAME = "$(TARGET_NAME)";
				SWIFT_VERSION = 5.0;
				TARGETED_DEVICE_FAMILY = "1,2";
			};
			name = Debug;
		};
		E0FB97F226F6BA2E0053CBAA /* Release */ = {
			isa = XCBuildConfiguration;
			buildSettings = {
				ASSETCATALOG_COMPILER_APPICON_NAME = AppIcon;
				ASSETCATALOG_COMPILER_GLOBAL_ACCENT_COLOR_NAME = AccentColor;
				CODE_SIGN_STYLE = Automatic;
				INFOPLIST_FILE = SeattleMaps/Info.plist;
				LD_RUNPATH_SEARCH_PATHS = (
					"$(inherited)",
					"@executable_path/Frameworks",
				);
				PRODUCT_BUNDLE_IDENTIFIER = edu.northeastern.rachel.SeattleMaps;
				PRODUCT_NAME = "$(TARGET_NAME)";
				SWIFT_VERSION = 5.0;
				TARGETED_DEVICE_FAMILY = "1,2";
			};
			name = Release;
		};
/* End XCBuildConfiguration section */

/* Begin XCConfigurationList section */
		E0FB97D726F6BA2C0053CBAA /* Build configuration list for PBXProject "SeattleMaps" */ = {
			isa = XCConfigurationList;
			buildConfigurations = (
				E0FB97EE26F6BA2E0053CBAA /* Debug */,
				E0FB97EF26F6BA2E0053CBAA /* Release */,
			);
			defaultConfigurationIsVisible = 0;
			defaultConfigurationName = Release;
		};
		E0FB97F026F6BA2E0053CBAA /* Build configuration list for PBXNativeTarget "SeattleMaps" */ = {
			isa = XCConfigurationList;
			buildConfigurations = (
				E0FB97F126F6BA2E0053CBAA /* Debug */,
				E0FB97F226F6BA2E0053CBAA /* Release */,
			);
			defaultConfigurationIsVisible = 0;
			defaultConfigurationName = Release;
		};
/* End XCConfigurationList section */
	};
	rootObject = E0FB97D426F6BA2C0053CBAA /* Project object */;
}
